
Microsoft Visual Studio Solution File, Format Version 12.00
# Visual Studio Version 16
VisualStudioVersion = 16.0.31729.503
MinimumVisualStudioVersion = 10.0.40219.1
Project("{FAE04EC0-301F-11D3-BF4B-00C04F79EFBC}") = "MedicalService", "MedicalService.csproj", "{57298238-4844-47C0-80FA-9675D8C54869}"
EndProject
Global
	GlobalSection(SolutionConfigurationPlatforms) = preSolution
		Debug|Any CPU = Debug|Any CPU
		Release|Any CPU = Release|Any CPU
	EndGlobalSection
	GlobalSection(ProjectConfigurationPlatforms) = postSolution
		{57298238-4844-47C0-80FA-9675D8C54869}.Debug|Any CPU.ActiveCfg = Debug|Any CPU
		{57298238-4844-47C0-80FA-9675D8C54869}.Debug|Any CPU.Build.0 = Debug|Any CPU
		{57298238-4844-47C0-80FA-9675D8C54869}.Release|Any CPU.ActiveCfg = Release|Any CPU
		{57298238-4844-47C0-80FA-9675D8C54869}.Release|Any CPU.Build.0 = Release|Any CPU
	EndGlobalSection
	GlobalSection(SolutionProperties) = preSolution
		HideSolutionNode = FALSE
	EndGlobalSection
	GlobalSection(ExtensibilityGlobals) = postSolution
		SolutionGuid = {92D0D46B-2C4F-4746-A0D6-621A3F5EC4CF}
	EndGlobalSection
EndGlobal
